{
  "version": 4,
  "terraform_version": "1.5.7",
  "serial": 6,
  "lineage": "78468fd0-c662-13b8-54fe-2de89cc909cc",
  "outputs": {},
  "resources": [
    {
      "mode": "managed",
      "type": "local_file",
      "name": "filenew",
      "provider": "provider[\"registry.terraform.io/hashicorp/local\"]",
      "instances": [
        {
          "index_key": 0,
          "schema_version": 0,
          "attributes": {
            "content": "Hello Data",
            "content_base64": null,
            "content_base64sha256": "60QfDkqBYW00n8Yc0gzHLLBmjfadC+P6v8XizzJ35P0=",
            "content_base64sha512": "7NeM68zkTYokdlntL3t5yLkmj8e17IcuAxSCvoEvkh7OlDKW8sXLfrNRV6PiFXQ7JytOaTIGUJSclC353aJztw==",
            "content_md5": "bbd55b29b169e6ef0a8c3622dec160ca",
            "content_sha1": "6981a543083afc451f6037626d0fc7a1f16125bb",
            "content_sha256": "eb441f0e4a81616d349fc61cd20cc72cb0668df69d0be3fabfc5e2cf3277e4fd",
            "content_sha512": "ecd78cebcce44d8a247659ed2f7b79c8b9268fc7b5ec872e031482be812f921ece943296f2c5cb7eb35157a3e215743b272b4e69320650949c942df9dda273b7",
            "directory_permission": "0777",
            "file_permission": "0777",
            "filename": "/tmp/hello-file-uk_0.txt",
            "id": "6981a543083afc451f6037626d0fc7a1f16125bb",
            "sensitive_content": null,
            "source": null
          },
          "sensitive_attributes": []
        },
        {
          "index_key": 1,
          "schema_version": 0,
          "attributes": {
            "content": "Hello Data",
            "content_base64": null,
            "content_base64sha256": "60QfDkqBYW00n8Yc0gzHLLBmjfadC+P6v8XizzJ35P0=",
            "content_base64sha512": "7NeM68zkTYokdlntL3t5yLkmj8e17IcuAxSCvoEvkh7OlDKW8sXLfrNRV6PiFXQ7JytOaTIGUJSclC353aJztw==",
            "content_md5": "bbd55b29b169e6ef0a8c3622dec160ca",
            "content_sha1": "6981a543083afc451f6037626d0fc7a1f16125bb",
            "content_sha256": "eb441f0e4a81616d349fc61cd20cc72cb0668df69d0be3fabfc5e2cf3277e4fd",
            "content_sha512": "ecd78cebcce44d8a247659ed2f7b79c8b9268fc7b5ec872e031482be812f921ece943296f2c5cb7eb35157a3e215743b272b4e69320650949c942df9dda273b7",
            "directory_permission": "0777",
            "file_permission": "0777",
            "filename": "/tmp/hello-file-uk_1.txt",
            "id": "6981a543083afc451f6037626d0fc7a1f16125bb",
            "sensitive_content": null,
            "source": null
          },
          "sensitive_attributes": []
        },
        {
          "index_key": 2,
          "schema_version": 0,
          "attributes": {
            "content": "Hello Data",
            "content_base64": null,
            "content_base64sha256": "60QfDkqBYW00n8Yc0gzHLLBmjfadC+P6v8XizzJ35P0=",
            "content_base64sha512": "7NeM68zkTYokdlntL3t5yLkmj8e17IcuAxSCvoEvkh7OlDKW8sXLfrNRV6PiFXQ7JytOaTIGUJSclC353aJztw==",
            "content_md5": "bbd55b29b169e6ef0a8c3622dec160ca",
            "content_sha1": "6981a543083afc451f6037626d0fc7a1f16125bb",
            "content_sha256": "eb441f0e4a81616d349fc61cd20cc72cb0668df69d0be3fabfc5e2cf3277e4fd",
            "content_sha512": "ecd78cebcce44d8a247659ed2f7b79c8b9268fc7b5ec872e031482be812f921ece943296f2c5cb7eb35157a3e215743b272b4e69320650949c942df9dda273b7",
            "directory_permission": "0777",
            "file_permission": "0777",
            "filename": "/tmp/hello-file-uk_2.txt",
            "id": "6981a543083afc451f6037626d0fc7a1f16125bb",
            "sensitive_content": null,
            "source": null
          },
          "sensitive_attributes": []
        },
        {
          "index_key": 3,
          "schema_version": 0,
          "attributes": {
            "content": "Hello Data",
            "content_base64": null,
            "content_base64sha256": "60QfDkqBYW00n8Yc0gzHLLBmjfadC+P6v8XizzJ35P0=",
            "content_base64sha512": "7NeM68zkTYokdlntL3t5yLkmj8e17IcuAxSCvoEvkh7OlDKW8sXLfrNRV6PiFXQ7JytOaTIGUJSclC353aJztw==",
            "content_md5": "bbd55b29b169e6ef0a8c3622dec160ca",
            "content_sha1": "6981a543083afc451f6037626d0fc7a1f16125bb",
            "content_sha256": "eb441f0e4a81616d349fc61cd20cc72cb0668df69d0be3fabfc5e2cf3277e4fd",
            "content_sha512": "ecd78cebcce44d8a247659ed2f7b79c8b9268fc7b5ec872e031482be812f921ece943296f2c5cb7eb35157a3e215743b272b4e69320650949c942df9dda273b7",
            "directory_permission": "0777",
            "file_permission": "0777",
            "filename": "/tmp/hello-file-uk_3.txt",
            "id": "6981a543083afc451f6037626d0fc7a1f16125bb",
            "sensitive_content": null,
            "source": null
          },
          "sensitive_attributes": []
        },
        {
          "index_key": 4,
          "schema_version": 0,
          "attributes": {
            "content": "Hello Data",
            "content_base64": null,
            "content_base64sha256": "60QfDkqBYW00n8Yc0gzHLLBmjfadC+P6v8XizzJ35P0=",
            "content_base64sha512": "7NeM68zkTYokdlntL3t5yLkmj8e17IcuAxSCvoEvkh7OlDKW8sXLfrNRV6PiFXQ7JytOaTIGUJSclC353aJztw==",
            "content_md5": "bbd55b29b169e6ef0a8c3622dec160ca",
            "content_sha1": "6981a543083afc451f6037626d0fc7a1f16125bb",
            "content_sha256": "eb441f0e4a81616d349fc61cd20cc72cb0668df69d0be3fabfc5e2cf3277e4fd",
            "content_sha512": "ecd78cebcce44d8a247659ed2f7b79c8b9268fc7b5ec872e031482be812f921ece943296f2c5cb7eb35157a3e215743b272b4e69320650949c942df9dda273b7",
            "directory_permission": "0777",
            "file_permission": "0777",
            "filename": "/tmp/hello-file-uk_4.txt",
            "id": "6981a543083afc451f6037626d0fc7a1f16125bb",
            "sensitive_content": null,
            "source": null
          },
          "sensitive_attributes": []
        }
      ]
    }
  ],
  "check_results": null
}
