{
  "version": 4,
  "terraform_version": "1.5.7",
  "serial": 11,
  "lineage": "269eb2b9-0474-e55d-4fb6-c49724ef6194",
  "outputs": {},
  "resources": [
    {
      "mode": "managed",
      "type": "local_file",
      "name": "file1",
      "provider": "provider[\"registry.terraform.io/hashicorp/local\"]",
      "instances": [
        {
          "schema_version": 0,
          "attributes": {
            "content": "C9kCvxB6\u003cj-)",
            "content_base64": null,
            "content_base64sha256": "duekgM1MozD/5xh1+gN5tf00ykvQcwLVdYHdWbiVFcg=",
            "content_base64sha512": "nGdzRSHLmzdKVGkTrHMwwCLyPQpA4PqIkWcBrDOqcBEiKkQgI/4HIjB8eSp1sp9dBCfeFauDpXjpQoh6sCiqCw==",
            "content_md5": "1cecabd4ab8f7eabf017bc096863eeaf",
            "content_sha1": "20847b08e23a1dce9203cafccde0eca57c85fcac",
            "content_sha256": "76e7a480cd4ca330ffe71875fa0379b5fd34ca4bd07302d57581dd59b89515c8",
            "content_sha512": "9c67734521cb9b374a546913ac7330c022f23d0a40e0fa88916701ac33aa7011222a442023fe0722307c792a75b29f5d0427de15ab83a578e942887ab028aa0b",
            "directory_permission": "0777",
            "file_permission": "0777",
            "filename": "/tmp/hello-file1.txt",
            "id": "20847b08e23a1dce9203cafccde0eca57c85fcac",
            "sensitive_content": null,
            "source": null
          },
          "sensitive_attributes": [],
          "dependencies": [
            "random_string.demodata",
            "random_string.demodata2"
          ]
        }
      ]
    },
    {
      "mode": "managed",
      "type": "random_string",
      "name": "demodata",
      "provider": "provider[\"registry.terraform.io/hashicorp/random\"]",
      "instances": [
        {
          "schema_version": 2,
          "attributes": {
            "id": "Y{dEn%\u003eSU:ii{h:",
            "keepers": null,
            "length": 15,
            "lower": true,
            "min_lower": 0,
            "min_numeric": 0,
            "min_special": 0,
            "min_upper": 0,
            "number": true,
            "numeric": true,
            "override_special": null,
            "result": "Y{dEn%\u003eSU:ii{h:",
            "special": true,
            "upper": true
          },
          "sensitive_attributes": []
        }
      ]
    },
    {
      "mode": "managed",
      "type": "random_string",
      "name": "demodata2",
      "provider": "provider[\"registry.terraform.io/hashicorp/random\"]",
      "instances": [
        {
          "schema_version": 2,
          "attributes": {
            "id": "C9kCvxB6\u003cj-)",
            "keepers": null,
            "length": 12,
            "lower": true,
            "min_lower": 0,
            "min_numeric": 0,
            "min_special": 0,
            "min_upper": 0,
            "number": true,
            "numeric": true,
            "override_special": null,
            "result": "C9kCvxB6\u003cj-)",
            "special": true,
            "upper": true
          },
          "sensitive_attributes": []
        }
      ]
    }
  ],
  "check_results": null
}
