saravanans@skillsasap-vm24:~$ mkdir tf_azure_network
saravanans@skillsasap-vm24:~$ cd tf_azure_network
saravanans@skillsasap-vm24:~/tf_azure_network$
saravanans@skillsasap-vm24:~/tf_azure_network$
saravanans@skillsasap-vm24:~/tf_azure_network$ nano providers.tf
saravanans@skillsasap-vm24:~/tf_azure_network$ ls
providers.tf
saravanans@skillsasap-vm24:~/tf_azure_network$ nano variables.tf
saravanans@skillsasap-vm24:~/tf_azure_network$ cat variables.tf
variable "location" {
	description = "mention the region / location"
	default = "westus"
}

variable "rgsuffix" {
	description = "suffix for rg"
	default = "fromDefault"
}

saravanans@skillsasap-vm24:~/tf_azure_network$ nano main.tf
saravanans@skillsasap-vm24:~/tf_azure_network$ cat main.tf
resource "random_string" "rgprefix" {
   length = "9"
   special = false
}

resource "azurerm_resource_group" "myterraformgroup" {
	name = "${random_string.rgprefix.result}rgdemo-${var.rgsuffix}"
	location = var.location
}

saravanans@skillsasap-vm24:~/tf_azure_network$

saravanans@skillsasap-vm24:~/tf_azure_network$ nano main.tf
saravanans@skillsasap-vm24:~/tf_azure_network$ cat main.tf
resource "random_string" "rgprefix" {
   length = "9"
   special = false
}

resource "azurerm_resource_group" "myterraformgroup" {
	name = "${random_string.rgprefix.result}rgdemo-${var.rgsuffix}"
	location = var.location
}

saravanans@skillsasap-vm24:~/tf_azure_network$
saravanans@skillsasap-vm24:~/tf_azure_network$ nano main.tf
saravanans@skillsasap-vm24:~/tf_azure_network$ nano network.tf
saravanans@skillsasap-vm24:~/tf_azure_network$ cat network.tf
resource "azurerm_virtual_network" "myterraformnetwork" {
        name = "myVnet"
        address_space = ["10.0.0.0/16"]
	location = var.location
        resource_group_name = azurerm_resource_group.myterraformgroup.name
}


saravanans@skillsasap-vm24:~/tf_azure_network$

saravanans@skillsasap-vm24:~/tf_azure_network$
saravanans@skillsasap-vm24:~/tf_azure_network$ terraform apply

Terraform used the selected providers to generate the following execution plan.
Resource actions are indicated with the following symbols:
  + create

Terraform will perform the following actions:

  # azurerm_resource_group.myterraformgroup will be created
  + resource "azurerm_resource_group" "myterraformgroup" {
      + id       = (known after apply)
      + location = "westus"
      + name     = (known after apply)
    }

  # azurerm_virtual_network.myterraformnetwork will be created
  + resource "azurerm_virtual_network" "myterraformnetwork" {
      + address_space       = [
          + "10.0.0.0/16",
        ]
      + dns_servers         = (known after apply)
      + guid                = (known after apply)
      + id                  = (known after apply)
      + location            = "westus"
      + name                = "myVnet"
      + resource_group_name = (known after apply)
      + subnet              = (known after apply)
    }

  # random_string.rgprefix will be created
  + resource "random_string" "rgprefix" {
      + id          = (known after apply)
      + length      = 9
      + lower       = true
      + min_lower   = 0
      + min_numeric = 0
      + min_special = 0
      + min_upper   = 0
      + number      = true
      + numeric     = true
      + result      = (known after apply)
      + special     = false
      + upper       = true
    }

Plan: 3 to add, 0 to change, 0 to destroy.

Do you want to perform these actions?
  Terraform will perform the actions described above.
  Only 'yes' will be accepted to approve.

  Enter a value: yes

random_string.rgprefix: Creating...
random_string.rgprefix: Creation complete after 0s [id=NlQHiSaOX]
azurerm_resource_group.myterraformgroup: Creating...
azurerm_resource_group.myterraformgroup: Creation complete after 1s [id=/subscriptions/d9bd5677-040c-4455-a75e-5830c2c503f9/resourceGroups/NlQHiSaOXrgdemo-fromDefault]
azurerm_virtual_network.myterraformnetwork: Creating...
azurerm_virtual_network.myterraformnetwork: Creation complete after 6s [id=/subscriptions/d9bd5677-040c-4455-a75e-5830c2c503f9/resourceGroups/NlQHiSaOXrgdemo-fromDefault/providers/Microsoft.Network/virtualNetworks/myVnet]

Apply complete! Resources: 3 added, 0 changed, 0 destroyed.
saravanans@skillsasap-vm24:~/tf_azure_network$


saravanans@skillsasap-vm24:~/tf_azure_network$
saravanans@skillsasap-vm24:~/tf_azure_network$
saravanans@skillsasap-vm24:~/tf_azure_network$ cat network.tf
resource "azurerm_virtual_network" "myterraformnetwork" {
        name = "myVnet"
        address_space = ["10.0.0.0/16"]
	location = var.location
        resource_group_name = azurerm_resource_group.myterraformgroup.name
}

resource "azurerm_subnet" "myterraformsubnet" {
        name = "mySubnnet"
        resource_group_name = azurerm_resource_group.myterraformgroup.name
        virtual_network_name = azurerm_virtual_network.myterraformnetwork.name
        address_prefixes = ["10.0.1.0/24"]
}

resource "azurerm_network_security_group" "myterraformnsg" {
        name                = "myNetworkSecurityGroup"
	location = var.location
        resource_group_name = azurerm_resource_group.myterraformgroup.name

        security_rule {
        name                       = "Web"
        priority                   = 1001
        direction                  = "Inbound"
        access                     = "Allow"
        protocol                   = "Tcp"
        source_port_range          = "*"
        destination_port_range     = "8080"
        source_address_prefix      = "*"
        destination_address_prefix = "*"
    }
}


resource "azurerm_network_interface" "myterraformnic" {
    name                      = "myNIC"
	location = var.location
    resource_group_name       = azurerm_resource_group.myterraformgroup.name

    ip_configuration {
        name                          = "myNicConfiguration"
        subnet_id                     = azurerm_subnet.myterraformsubnet.id
        private_ip_address_allocation = "Dynamic"
    }
}

saravanans@skillsasap-vm24:~/tf_azure_network$

saravanans@skillsasap-vm24:~/tf_azure_network$ terraform apply
random_string.rgprefix: Refreshing state... [id=NlQHiSaOX]
azurerm_resource_group.myterraformgroup: Refreshing state... [id=/subscriptions/d9bd5677-040c-4455-a75e-5830c2c503f9/resourceGroups/NlQHiSaOXrgdemo-fromDefault]
azurerm_virtual_network.myterraformnetwork: Refreshing state... [id=/subscriptions/d9bd5677-040c-4455-a75e-5830c2c503f9/resourceGroups/NlQHiSaOXrgdemo-fromDefault/providers/Microsoft.Network/virtualNetworks/myVnet]

Terraform used the selected providers to generate the following execution plan.
Resource actions are indicated with the following symbols:
  + create

Terraform will perform the following actions:

  # azurerm_network_interface.myterraformnic will be created
  + resource "azurerm_network_interface" "myterraformnic" {
      + applied_dns_servers           = (known after apply)
      + dns_servers                   = (known after apply)
      + enable_accelerated_networking = false
      + enable_ip_forwarding          = false
      + id                            = (known after apply)
      + internal_dns_name_label       = (known after apply)
      + internal_domain_name_suffix   = (known after apply)
      + location                      = "westus"
      + mac_address                   = (known after apply)
      + name                          = "myNIC"
      + private_ip_address            = (known after apply)
      + private_ip_addresses          = (known after apply)
      + resource_group_name           = "NlQHiSaOXrgdemo-fromDefault"
      + virtual_machine_id            = (known after apply)

      + ip_configuration {
          + gateway_load_balancer_frontend_ip_configuration_id = (known after apply)
          + name                                               = "myNicConfiguration"
          + primary                                            = (known after apply)
          + private_ip_address                                 = (known after apply)
          + private_ip_address_allocation                      = "Dynamic"
          + private_ip_address_version                         = "IPv4"
          + subnet_id                                          = (known after apply)
        }
    }

  # azurerm_network_security_group.myterraformnsg will be created
  + resource "azurerm_network_security_group" "myterraformnsg" {
      + id                  = (known after apply)
      + location            = "westus"
      + name                = "myNetworkSecurityGroup"
      + resource_group_name = "NlQHiSaOXrgdemo-fromDefault"
      + security_rule       = [
          + {
              + access                                     = "Allow"
              + description                                = ""
              + destination_address_prefix                 = "*"
              + destination_address_prefixes               = []
              + destination_application_security_group_ids = []
              + destination_port_range                     = "8080"
              + destination_port_ranges                    = []
              + direction                                  = "Inbound"
              + name                                       = "Web"
              + priority                                   = 1001
              + protocol                                   = "Tcp"
              + source_address_prefix                      = "*"
              + source_address_prefixes                    = []
              + source_application_security_group_ids      = []
              + source_port_range                          = "*"
              + source_port_ranges                         = []
            },
        ]
    }

  # azurerm_subnet.myterraformsubnet will be created
  + resource "azurerm_subnet" "myterraformsubnet" {
      + address_prefixes                               = [
          + "10.0.1.0/24",
        ]
      + enforce_private_link_endpoint_network_policies = (known after apply)
      + enforce_private_link_service_network_policies  = (known after apply)
      + id                                             = (known after apply)
      + name                                           = "mySubnnet"
      + private_endpoint_network_policies_enabled      = (known after apply)
      + private_link_service_network_policies_enabled  = (known after apply)
      + resource_group_name                            = "NlQHiSaOXrgdemo-fromDefault"
      + virtual_network_name                           = "myVnet"
    }

Plan: 3 to add, 0 to change, 0 to destroy.

Do you want to perform these actions?
  Terraform will perform the actions described above.
  Only 'yes' will be accepted to approve.

  Enter a value: yes

azurerm_subnet.myterraformsubnet: Creating...
azurerm_network_security_group.myterraformnsg: Creating...
azurerm_network_security_group.myterraformnsg: Creation complete after 7s [id=/subscriptions/d9bd5677-040c-4455-a75e-5830c2c503f9/resourceGroups/NlQHiSaOXrgdemo-fromDefault/providers/Microsoft.Network/networkSecurityGroups/myNetworkSecurityGroup]
azurerm_subnet.myterraformsubnet: Creation complete after 9s [id=/subscriptions/d9bd5677-040c-4455-a75e-5830c2c503f9/resourceGroups/NlQHiSaOXrgdemo-fromDefault/providers/Microsoft.Network/virtualNetworks/myVnet/subnets/mySubnnet]
azurerm_network_interface.myterraformnic: Creating...
azurerm_network_interface.myterraformnic: Still creating... [10s elapsed]
azurerm_network_interface.myterraformnic: Creation complete after 15s [id=/subscriptions/d9bd5677-040c-4455-a75e-5830c2c503f9/resourceGroups/NlQHiSaOXrgdemo-fromDefault/providers/Microsoft.Network/networkInterfaces/myNIC]

Apply complete! Resources: 3 added, 0 changed, 0 destroyed.
saravanans@skillsasap-vm24:~/tf_azure_network$ terraform state list
azurerm_network_interface.myterraformnic
azurerm_network_security_group.myterraformnsg
azurerm_resource_group.myterraformgroup
azurerm_subnet.myterraformsubnet
azurerm_virtual_network.myterraformnetwork
random_string.rgprefix
saravanans@skillsasap-vm24:~/tf_azure_network$ terraform state show azurerm_resource_group.myterraformgroup
# azurerm_resource_group.myterraformgroup:
resource "azurerm_resource_group" "myterraformgroup" {
    id       = "/subscriptions/d9bd5677-040c-4455-a75e-5830c2c503f9/resourceGroups/NlQHiSaOXrgdemo-fromDefault"
    location = "westus"
    name     = "NlQHiSaOXrgdemo-fromDefault"
    tags     = {}
}
saravanans@skillsasap-vm24:~/tf_azure_network$ ls
main.tf     providers.tf       terraform.tfstate.backup
network.tf  terraform.tfstate  variables.tf
saravanans@skillsasap-vm24:~/tf_azure_network$ nano network.tf
saravanans@skillsasap-vm24:~/tf_azure_network$ cat network.tf
resource "azurerm_virtual_network" "myterraformnetwork" {
        name = "myVnet"
        address_space = ["10.0.0.0/16"]
	location = var.location
        resource_group_name = azurerm_resource_group.myterraformgroup.name
}

resource "azurerm_subnet" "myterraformsubnet" {
        name = "mySubnnet"
        resource_group_name = azurerm_resource_group.myterraformgroup.name
        virtual_network_name = azurerm_virtual_network.myterraformnetwork.name
        address_prefixes = ["10.0.1.0/24"]
}

resource "azurerm_network_security_group" "myterraformnsg" {
        name                = "myNetworkSecurityGroup"
	location = var.location
        resource_group_name = azurerm_resource_group.myterraformgroup.name

        security_rule {
        name                       = "Web"
        priority                   = 1001
        direction                  = "Inbound"
        access                     = "Allow"
        protocol                   = "Tcp"
        source_port_range          = "*"
        destination_port_range     = "8080"
        source_address_prefix      = "*"
        destination_address_prefix = "*"
    }
}


resource "azurerm_network_interface" "myterraformnic" {
    name                      = "myNIC"
	location = var.location
    resource_group_name       = azurerm_resource_group.myterraformgroup.name

    ip_configuration {
        name                          = "myNicConfiguration"
        subnet_id                     = azurerm_subnet.myterraformsubnet.id
        private_ip_address_allocation = "Dynamic"
    }
}

resource "azurerm_network_interface_security_group_association" "example" {
        network_interface_id      = azurerm_network_interface.myterraformnic.id
        network_security_group_id = azurerm_network_security_group.myterraformnsg.id
}

saravanans@skillsasap-vm24:~/tf_azure_network$ terraform apply
random_string.rgprefix: Refreshing state... [id=NlQHiSaOX]
azurerm_resource_group.myterraformgroup: Refreshing state... [id=/subscriptions/d9bd5677-040c-4455-a75e-5830c2c503f9/resourceGroups/NlQHiSaOXrgdemo-fromDefault]
azurerm_network_security_group.myterraformnsg: Refreshing state... [id=/subscriptions/d9bd5677-040c-4455-a75e-5830c2c503f9/resourceGroups/NlQHiSaOXrgdemo-fromDefault/providers/Microsoft.Network/networkSecurityGroups/myNetworkSecurityGroup]
azurerm_virtual_network.myterraformnetwork: Refreshing state... [id=/subscriptions/d9bd5677-040c-4455-a75e-5830c2c503f9/resourceGroups/NlQHiSaOXrgdemo-fromDefault/providers/Microsoft.Network/virtualNetworks/myVnet]
azurerm_subnet.myterraformsubnet: Refreshing state... [id=/subscriptions/d9bd5677-040c-4455-a75e-5830c2c503f9/resourceGroups/NlQHiSaOXrgdemo-fromDefault/providers/Microsoft.Network/virtualNetworks/myVnet/subnets/mySubnnet]
azurerm_network_interface.myterraformnic: Refreshing state... [id=/subscriptions/d9bd5677-040c-4455-a75e-5830c2c503f9/resourceGroups/NlQHiSaOXrgdemo-fromDefault/providers/Microsoft.Network/networkInterfaces/myNIC]

Terraform used the selected providers to generate the following execution plan.
Resource actions are indicated with the following symbols:
  + create

Terraform will perform the following actions:

  # azurerm_network_interface_security_group_association.example will be created
  + resource "azurerm_network_interface_security_group_association" "example" {
      + id                        = (known after apply)
      + network_interface_id      = "/subscriptions/d9bd5677-040c-4455-a75e-5830c2c503f9/resourceGroups/NlQHiSaOXrgdemo-fromDefault/providers/Microsoft.Network/networkInterfaces/myNIC"
      + network_security_group_id = "/subscriptions/d9bd5677-040c-4455-a75e-5830c2c503f9/resourceGroups/NlQHiSaOXrgdemo-fromDefault/providers/Microsoft.Network/networkSecurityGroups/myNetworkSecurityGroup"
    }

Plan: 1 to add, 0 to change, 0 to destroy.

Do you want to perform these actions?
  Terraform will perform the actions described above.
  Only 'yes' will be accepted to approve.

  Enter a value: yes

azurerm_network_interface_security_group_association.example: Creating...
azurerm_network_interface_security_group_association.example: Creation complete after 4s [id=/subscriptions/d9bd5677-040c-4455-a75e-5830c2c503f9/resourceGroups/NlQHiSaOXrgdemo-fromDefault/providers/Microsoft.Network/networkInterfaces/myNIC|/subscriptions/d9bd5677-040c-4455-a75e-5830c2c503f9/resourceGroups/NlQHiSaOXrgdemo-fromDefault/providers/Microsoft.Network/networkSecurityGroups/myNetworkSecurityGroup]

Apply complete! Resources: 1 added, 0 changed, 0 destroyed.
saravanans@skillsasap-vm24:~/tf_azure_network$


