saravanans@skillsasap-vm66:~/tf_locals_intro$ cat main.tf
resource "azurerm_resource_group" "myrg" {
	name = "${random_string.rgprefix.result}rgdemo${local.a_number}"
	location = "westus"
}

resource "random_string" "rgprefix" {
   length = "9"
   special = false
}

locals {
  a_string = "Robochef is an automated robotic kitchen"
  a_number = 15
  a_boolean = true
  b_number = 30

}


output "localdemo" {
  value = local.a_string
}
saravanans@skillsasap-vm66:~/tf_locals_intro$ terraform apply

Terraform used the selected providers to generate the following execution
plan. Resource actions are indicated with the following symbols:
  + create

Terraform will perform the following actions:

  # azurerm_resource_group.myrg will be created
  + resource "azurerm_resource_group" "myrg" {
      + id       = (known after apply)
      + location = "westus"
      + name     = (known after apply)
    }

  # random_string.rgprefix will be created
  + resource "random_string" "rgprefix" {
      + id          = (known after apply)
      + length      = 9
      + lower       = true
      + min_lower   = 0
      + min_numeric = 0
      + min_special = 0
      + min_upper   = 0
      + number      = true
      + numeric     = true
      + result      = (known after apply)
      + special     = false
      + upper       = true
    }

Plan: 2 to add, 0 to change, 0 to destroy.

Changes to Outputs:
  + localdemo = "Robochef is an automated robotic kitchen"

Do you want to perform these actions?
  Terraform will perform the actions described above.
  Only 'yes' will be accepted to approve.

  Enter a value: yes

random_string.rgprefix: Creating...
random_string.rgprefix: Creation complete after 0s [id=w5A6BOvK7]
azurerm_resource_group.myrg: Creating...
azurerm_resource_group.myrg: Creation complete after 3s [id=/subscriptions/2ce1752d-7718-4bd5-9b65-6510638e11fc/resourceGroups/w5A6BOvK7rgdemo15]

Apply complete! Resources: 2 added, 0 changed, 0 destroyed.

Outputs:

localdemo = "Robochef is an automated robotic kitchen"
saravanans@skillsasap-vm66:~/tf_locals_intro$
saravanans@skillsasap-vm66:~/tf_locals_intro$
saravanans@skillsasap-vm66:~/tf_locals_intro$ cat main.tf
resource "azurerm_resource_group" "myrg" {
	name = "${random_string.rgprefix.result}rgdemo${local.a_number}"
	location = "westus"
}

resource "random_string" "rgprefix" {
   length = "9"
   special = false
}

locals {
  a_string = "Robochef is an automated robotic kitchen"
  a_number = 15
  a_boolean = true
  b_number = 30

}


output "localdemo" {
  value = local.a_string
}
saravanans@skillsasap-vm66:~/tf_locals_intro$ ls
main.tf  providers.tf  terraform.tfstate
saravanans@skillsasap-vm66:~/tf_locals_intro$ cat providers.tf
provider "azurerm" {
  features {}

  skip_provider_registration = true
}

saravanans@skillsasap-vm66:~/tf_locals_intro$
saravanans@skillsasap-vm66:~/tf_locals_intro$ cat main.tf
resource "azurerm_resource_group" "myrg" {
	name = "${random_string.rgprefix.result}rgdemo${local.a_number}"
	location = "westus"
}

resource "random_string" "rgprefix" {
   length = "9"
   special = false
}

locals {
  a_string = "Robochef is an automated robotic kitchen"
  a_number = 15
  a_boolean = true
  b_number = 30
  absum = local.a_number + local.b_number
}


output "localdemo" {
  value = "Sum of ${local.a_number} ${local.b_number} is ${local.absum}"
}
saravanans@skillsasap-vm66:~/tf_locals_intro$ terraform apply
random_string.rgprefix: Refreshing state... [id=w5A6BOvK7]
azurerm_resource_group.myrg: Refreshing state... [id=/subscriptions/2ce1752d-7718-4bd5-9b65-6510638e11fc/resourceGroups/w5A6BOvK7rgdemo15]

Changes to Outputs:
  ~ localdemo = "Robochef is an automated robotic kitchen" -> "Sum of 15 30 is 45"

You can apply this plan to save these new output values to the Terraform
state, without changing any real infrastructure.

Do you want to perform these actions?
  Terraform will perform the actions described above.
  Only 'yes' will be accepted to approve.

  Enter a value: yes


Apply complete! Resources: 0 added, 0 changed, 0 destroyed.

Outputs:

localdemo = "Sum of 15 30 is 45"
saravanans@skillsasap-vm66:~/tf_locals_intro$


