{
  "version": 4,
  "terraform_version": "1.5.7",
  "serial": 4,
  "lineage": "09580236-cd5c-d217-a6ee-45a11475f9d6",
  "outputs": {},
  "resources": [
    {
      "mode": "managed",
      "type": "local_file",
      "name": "newfile",
      "provider": "provider[\"registry.terraform.io/hashicorp/local\"]",
      "instances": [
        {
          "schema_version": 0,
          "attributes": {
            "content": "DOkTQLqD=yLP",
            "content_base64": null,
            "content_base64sha256": "2XihHcDiT+j8E/blBEFl//0nnlLsx6HCvgGOiof2I3U=",
            "content_base64sha512": "Rx74Yu82wtrLwxCz61WcM2acoywhpFiOKIba99t8NBGgzmjN2dUSzMy5a2AjLLhoo6+bHQhTsR++LOhvNQQ6Fw==",
            "content_md5": "3aba134c228127690a329e6ddf70c207",
            "content_sha1": "3687e83bdd64c92e1469ee45989129791488f62c",
            "content_sha256": "d978a11dc0e24fe8fc13f6e5044165fffd279e52ecc7a1c2be018e8a87f62375",
            "content_sha512": "471ef862ef36c2dacbc310b3eb559c33669ca32c21a4588e2886daf7db7c3411a0ce68cdd9d512ccccb96b60232cb868a3af9b1d0853b11fbe2ce86f35043a17",
            "directory_permission": "0777",
            "file_permission": "0777",
            "filename": "/tmp/hell-uttam.txt",
            "id": "3687e83bdd64c92e1469ee45989129791488f62c",
            "sensitive_content": null,
            "source": null
          },
          "sensitive_attributes": [],
          "dependencies": [
            "random_string.d1"
          ]
        }
      ]
    },
    {
      "mode": "managed",
      "type": "random_string",
      "name": "d1",
      "provider": "provider[\"registry.terraform.io/hashicorp/random\"]",
      "instances": [
        {
          "schema_version": 2,
          "attributes": {
            "id": "DOkTQLqD=yLP",
            "keepers": null,
            "length": 12,
            "lower": true,
            "min_lower": 0,
            "min_numeric": 0,
            "min_special": 0,
            "min_upper": 0,
            "number": true,
            "numeric": true,
            "override_special": null,
            "result": "DOkTQLqD=yLP",
            "special": true,
            "upper": true
          },
          "sensitive_attributes": []
        }
      ]
    },
    {
      "mode": "managed",
      "type": "random_string",
      "name": "d2",
      "provider": "provider[\"registry.terraform.io/hashicorp/random\"]",
      "instances": [
        {
          "schema_version": 2,
          "attributes": {
            "id": "{V=I\u003esYRt1V{",
            "keepers": null,
            "length": 12,
            "lower": true,
            "min_lower": 0,
            "min_numeric": 0,
            "min_special": 0,
            "min_upper": 0,
            "number": true,
            "numeric": true,
            "override_special": null,
            "result": "{V=I\u003esYRt1V{",
            "special": true,
            "upper": true
          },
          "sensitive_attributes": []
        }
      ]
    }
  ],
  "check_results": null
}
