{
  "version": 4,
  "terraform_version": "1.5.7",
  "serial": 11,
  "lineage": "c8c32b61-1489-bb4c-764f-d2729e1a4dc6",
  "outputs": {
    "rgname": {
      "value": "rgstorage0c6sw",
      "type": "string"
    },
    "storage_account": {
      "value": "mystorageyjbq5f",
      "type": "string"
    },
    "storage_container": {
      "value": "myscontainer2023yjbq5f",
      "type": "string"
    }
  },
  "resources": [
    {
      "mode": "managed",
      "type": "azurerm_resource_group",
      "name": "demorg",
      "provider": "provider[\"registry.terraform.io/hashicorp/azurerm\"]",
      "instances": [
        {
          "schema_version": 0,
          "attributes": {
            "id": "/subscriptions/5c46d6cf-3894-4078-99f3-14300a12d792/resourceGroups/rgstorage0c6sw",
            "location": "eastus",
            "managed_by": "",
            "name": "rgstorage0c6sw",
            "tags": {},
            "timeouts": null
          },
          "sensitive_attributes": [],
          "private": "eyJlMmJmYjczMC1lY2FhLTExZTYtOGY4OC0zNDM2M2JjN2M0YzAiOnsiY3JlYXRlIjo1NDAwMDAwMDAwMDAwLCJkZWxldGUiOjU0MDAwMDAwMDAwMDAsInJlYWQiOjMwMDAwMDAwMDAwMCwidXBkYXRlIjo1NDAwMDAwMDAwMDAwfX0=",
          "dependencies": [
            "random_string.rgsuffix"
          ]
        }
      ]
    },
    {
      "mode": "managed",
      "type": "azurerm_storage_account",
      "name": "storagedemo",
      "provider": "provider[\"registry.terraform.io/hashicorp/azurerm\"]",
      "instances": [
        {
          "schema_version": 4,
          "attributes": {
            "access_tier": "Hot",
            "account_kind": "StorageV2",
            "account_replication_type": "LRS",
            "account_tier": "Standard",
            "allow_nested_items_to_be_public": true,
            "allowed_copy_scope": "",
            "azure_files_authentication": [],
            "blob_properties": [
              {
                "change_feed_enabled": false,
                "change_feed_retention_in_days": 0,
                "container_delete_retention_policy": [],
                "cors_rule": [],
                "default_service_version": "",
                "delete_retention_policy": [],
                "last_access_time_enabled": false,
                "restore_policy": [],
                "versioning_enabled": false
              }
            ],
            "cross_tenant_replication_enabled": true,
            "custom_domain": [],
            "customer_managed_key": [],
            "default_to_oauth_authentication": false,
            "edge_zone": "",
            "enable_https_traffic_only": true,
            "id": "/subscriptions/5c46d6cf-3894-4078-99f3-14300a12d792/resourceGroups/rgstorage0c6sw/providers/Microsoft.Storage/storageAccounts/mystorageyjbq5f",
            "identity": [],
            "immutability_policy": [],
            "infrastructure_encryption_enabled": false,
            "is_hns_enabled": false,
            "large_file_share_enabled": null,
            "location": "eastus",
            "min_tls_version": "TLS1_2",
            "name": "mystorageyjbq5f",
            "network_rules": [
              {
                "bypass": [
                  "AzureServices"
                ],
                "default_action": "Allow",
                "ip_rules": [],
                "private_link_access": [],
                "virtual_network_subnet_ids": []
              }
            ],
            "nfsv3_enabled": false,
            "primary_access_key": "ny9wTNj3214lBYdAHE5uRnmZWn5bc8vU94x+XOaplnXFwh/obIcibX0NKAg3ffaA7wKKDeWLTseb+AStUL+Jww==",
            "primary_blob_connection_string": "DefaultEndpointsProtocol=https;BlobEndpoint=https://mystorageyjbq5f.blob.core.windows.net/;AccountName=mystorageyjbq5f;AccountKey=ny9wTNj3214lBYdAHE5uRnmZWn5bc8vU94x+XOaplnXFwh/obIcibX0NKAg3ffaA7wKKDeWLTseb+AStUL+Jww==",
            "primary_blob_endpoint": "https://mystorageyjbq5f.blob.core.windows.net/",
            "primary_blob_host": "mystorageyjbq5f.blob.core.windows.net",
            "primary_connection_string": "DefaultEndpointsProtocol=https;AccountName=mystorageyjbq5f;AccountKey=ny9wTNj3214lBYdAHE5uRnmZWn5bc8vU94x+XOaplnXFwh/obIcibX0NKAg3ffaA7wKKDeWLTseb+AStUL+Jww==;EndpointSuffix=core.windows.net",
            "primary_dfs_endpoint": "https://mystorageyjbq5f.dfs.core.windows.net/",
            "primary_dfs_host": "mystorageyjbq5f.dfs.core.windows.net",
            "primary_file_endpoint": "https://mystorageyjbq5f.file.core.windows.net/",
            "primary_file_host": "mystorageyjbq5f.file.core.windows.net",
            "primary_location": "eastus",
            "primary_queue_endpoint": "https://mystorageyjbq5f.queue.core.windows.net/",
            "primary_queue_host": "mystorageyjbq5f.queue.core.windows.net",
            "primary_table_endpoint": "https://mystorageyjbq5f.table.core.windows.net/",
            "primary_table_host": "mystorageyjbq5f.table.core.windows.net",
            "primary_web_endpoint": "https://mystorageyjbq5f.z13.web.core.windows.net/",
            "primary_web_host": "mystorageyjbq5f.z13.web.core.windows.net",
            "public_network_access_enabled": true,
            "queue_encryption_key_type": "Service",
            "queue_properties": [
              {
                "cors_rule": [],
                "hour_metrics": [
                  {
                    "enabled": true,
                    "include_apis": true,
                    "retention_policy_days": 7,
                    "version": "1.0"
                  }
                ],
                "logging": [
                  {
                    "delete": false,
                    "read": false,
                    "retention_policy_days": 0,
                    "version": "1.0",
                    "write": false
                  }
                ],
                "minute_metrics": [
                  {
                    "enabled": false,
                    "include_apis": false,
                    "retention_policy_days": 0,
                    "version": "1.0"
                  }
                ]
              }
            ],
            "resource_group_name": "rgstorage0c6sw",
            "routing": [],
            "sas_policy": [],
            "secondary_access_key": "XtHIGlq2W8o1NiiAx0DaWhpRmWkjTItfwqRqcDqNc3pdQD847cbYSe3FNflzryGDjaW9vQstwDQB+AStMj+dhw==",
            "secondary_blob_connection_string": "",
            "secondary_blob_endpoint": null,
            "secondary_blob_host": null,
            "secondary_connection_string": "DefaultEndpointsProtocol=https;AccountName=mystorageyjbq5f;AccountKey=XtHIGlq2W8o1NiiAx0DaWhpRmWkjTItfwqRqcDqNc3pdQD847cbYSe3FNflzryGDjaW9vQstwDQB+AStMj+dhw==;EndpointSuffix=core.windows.net",
            "secondary_dfs_endpoint": null,
            "secondary_dfs_host": null,
            "secondary_file_endpoint": null,
            "secondary_file_host": null,
            "secondary_location": "",
            "secondary_queue_endpoint": null,
            "secondary_queue_host": null,
            "secondary_table_endpoint": null,
            "secondary_table_host": null,
            "secondary_web_endpoint": null,
            "secondary_web_host": null,
            "sftp_enabled": false,
            "share_properties": [
              {
                "cors_rule": [],
                "retention_policy": [
                  {
                    "days": 7
                  }
                ],
                "smb": []
              }
            ],
            "shared_access_key_enabled": true,
            "static_website": [],
            "table_encryption_key_type": "Service",
            "tags": {
              "environment": "robochefweb"
            },
            "timeouts": null
          },
          "sensitive_attributes": [],
          "private": "eyJlMmJmYjczMC1lY2FhLTExZTYtOGY4OC0zNDM2M2JjN2M0YzAiOnsiY3JlYXRlIjozNjAwMDAwMDAwMDAwLCJkZWxldGUiOjM2MDAwMDAwMDAwMDAsInJlYWQiOjMwMDAwMDAwMDAwMCwidXBkYXRlIjozNjAwMDAwMDAwMDAwfSwic2NoZW1hX3ZlcnNpb24iOiI0In0=",
          "dependencies": [
            "azurerm_resource_group.demorg",
            "random_string.rgsuffix",
            "random_string.storageSuffix"
          ]
        }
      ]
    },
    {
      "mode": "managed",
      "type": "azurerm_storage_blob",
      "name": "mydata",
      "provider": "provider[\"registry.terraform.io/hashicorp/azurerm\"]",
      "instances": [
        {
          "schema_version": 1,
          "attributes": {
            "access_tier": "Hot",
            "cache_control": "",
            "content_md5": "",
            "content_type": "application/octet-stream",
            "id": "https://mystorageyjbq5f.blob.core.windows.net/myscontainer2023yjbq5f/mydata.csv",
            "metadata": {},
            "name": "mydata.csv",
            "parallelism": 8,
            "size": 0,
            "source": "data.csv",
            "source_content": null,
            "source_uri": null,
            "storage_account_name": "mystorageyjbq5f",
            "storage_container_name": "myscontainer2023yjbq5f",
            "timeouts": null,
            "type": "Block",
            "url": "https://mystorageyjbq5f.blob.core.windows.net/myscontainer2023yjbq5f/mydata.csv"
          },
          "sensitive_attributes": [],
          "private": "eyJlMmJmYjczMC1lY2FhLTExZTYtOGY4OC0zNDM2M2JjN2M0YzAiOnsiY3JlYXRlIjoxODAwMDAwMDAwMDAwLCJkZWxldGUiOjE4MDAwMDAwMDAwMDAsInJlYWQiOjMwMDAwMDAwMDAwMCwidXBkYXRlIjoxODAwMDAwMDAwMDAwfSwic2NoZW1hX3ZlcnNpb24iOiIxIn0=",
          "dependencies": [
            "azurerm_resource_group.demorg",
            "azurerm_storage_account.storagedemo",
            "azurerm_storage_container.demoscontainer",
            "random_string.rgsuffix",
            "random_string.storageSuffix"
          ]
        }
      ]
    },
    {
      "mode": "managed",
      "type": "azurerm_storage_container",
      "name": "demoscontainer",
      "provider": "provider[\"registry.terraform.io/hashicorp/azurerm\"]",
      "instances": [
        {
          "schema_version": 1,
          "attributes": {
            "container_access_type": "private",
            "has_immutability_policy": false,
            "has_legal_hold": false,
            "id": "https://mystorageyjbq5f.blob.core.windows.net/myscontainer2023yjbq5f",
            "metadata": {},
            "name": "myscontainer2023yjbq5f",
            "resource_manager_id": "/subscriptions/5c46d6cf-3894-4078-99f3-14300a12d792/resourceGroups/rgstorage0c6sw/providers/Microsoft.Storage/storageAccounts/mystorageyjbq5f/blobServices/default/containers/myscontainer2023yjbq5f",
            "storage_account_name": "mystorageyjbq5f",
            "timeouts": null
          },
          "sensitive_attributes": [],
          "private": "eyJlMmJmYjczMC1lY2FhLTExZTYtOGY4OC0zNDM2M2JjN2M0YzAiOnsiY3JlYXRlIjoxODAwMDAwMDAwMDAwLCJkZWxldGUiOjE4MDAwMDAwMDAwMDAsInJlYWQiOjMwMDAwMDAwMDAwMCwidXBkYXRlIjoxODAwMDAwMDAwMDAwfSwic2NoZW1hX3ZlcnNpb24iOiIxIn0=",
          "dependencies": [
            "azurerm_resource_group.demorg",
            "azurerm_storage_account.storagedemo",
            "random_string.rgsuffix",
            "random_string.storageSuffix"
          ]
        }
      ]
    },
    {
      "mode": "managed",
      "type": "random_string",
      "name": "rgsuffix",
      "provider": "provider[\"registry.terraform.io/hashicorp/random\"]",
      "instances": [
        {
          "schema_version": 2,
          "attributes": {
            "id": "0c6sw",
            "keepers": null,
            "length": 5,
            "lower": true,
            "min_lower": 0,
            "min_numeric": 0,
            "min_special": 0,
            "min_upper": 0,
            "number": true,
            "numeric": true,
            "override_special": null,
            "result": "0c6sw",
            "special": false,
            "upper": false
          },
          "sensitive_attributes": []
        }
      ]
    },
    {
      "mode": "managed",
      "type": "random_string",
      "name": "storageSuffix",
      "provider": "provider[\"registry.terraform.io/hashicorp/random\"]",
      "instances": [
        {
          "schema_version": 2,
          "attributes": {
            "id": "yjbq5f",
            "keepers": null,
            "length": 6,
            "lower": true,
            "min_lower": 0,
            "min_numeric": 0,
            "min_special": 0,
            "min_upper": 0,
            "number": true,
            "numeric": true,
            "override_special": null,
            "result": "yjbq5f",
            "special": false,
            "upper": false
          },
          "sensitive_attributes": []
        }
      ]
    }
  ],
  "check_results": null
}
