{
  "version": 4,
  "terraform_version": "1.5.7",
  "serial": 87,
  "lineage": "0d5d749b-29a1-46f1-4aae-0075d19d7ac2",
  "outputs": {},
  "resources": [
    {
      "mode": "managed",
      "type": "random_string",
      "name": "rs2",
      "provider": "provider[\"registry.terraform.io/hashicorp/random\"]",
      "instances": [
        {
          "schema_version": 2,
          "attributes": {
            "id": "gL*hwe@44",
            "keepers": null,
            "length": 9,
            "lower": true,
            "min_lower": 0,
            "min_numeric": 0,
            "min_special": 0,
            "min_upper": 0,
            "number": true,
            "numeric": true,
            "override_special": null,
            "result": "gL*hwe@44",
            "special": true,
            "upper": true
          },
          "sensitive_attributes": []
        }
      ]
    },
    {
      "module": "module.azure_linuxvm",
      "mode": "managed",
      "type": "azurerm_network_security_group",
      "name": "myterraformnsg",
      "provider": "provider[\"registry.terraform.io/hashicorp/azurerm\"]",
      "instances": [
        {
          "schema_version": 0,
          "attributes": {
            "id": "/subscriptions/5c46d6cf-3894-4078-99f3-14300a12d792/resourceGroups/admatic-rg-network-demo/providers/Microsoft.Network/networkSecurityGroups/myd3NetworkSecurityGroup",
            "location": "eastus",
            "name": "myd3NetworkSecurityGroup",
            "resource_group_name": "admatic-rg-network-demo",
            "security_rule": [
              {
                "access": "Allow",
                "description": "",
                "destination_address_prefix": "*",
                "destination_address_prefixes": [],
                "destination_application_security_group_ids": [],
                "destination_port_range": "22",
                "destination_port_ranges": [],
                "direction": "Inbound",
                "name": "Web",
                "priority": 1001,
                "protocol": "Tcp",
                "source_address_prefix": "*",
                "source_address_prefixes": [],
                "source_application_security_group_ids": [],
                "source_port_range": "*",
                "source_port_ranges": []
              }
            ],
            "tags": {},
            "timeouts": null
          },
          "sensitive_attributes": [],
          "private": "eyJlMmJmYjczMC1lY2FhLTExZTYtOGY4OC0zNDM2M2JjN2M0YzAiOnsiY3JlYXRlIjoxODAwMDAwMDAwMDAwLCJkZWxldGUiOjE4MDAwMDAwMDAwMDAsInJlYWQiOjMwMDAwMDAwMDAwMCwidXBkYXRlIjoxODAwMDAwMDAwMDAwfX0=",
          "dependencies": [
            "module.azure_linuxvm.azurerm_resource_group.myterraformgroup",
            "module.azure_storage.azurerm_resource_group.demorg",
            "module.azure_storage.azurerm_storage_account.storagedemo",
            "module.azure_storage.azurerm_storage_container.demoscontainer",
            "module.azure_storage.random_string.rgsuffix",
            "module.azure_storage.random_string.storageSuffix",
            "random_string.rs2"
          ]
        }
      ]
    },
    {
      "module": "module.azure_linuxvm",
      "mode": "managed",
      "type": "azurerm_resource_group",
      "name": "myterraformgroup",
      "provider": "provider[\"registry.terraform.io/hashicorp/azurerm\"]",
      "instances": [
        {
          "schema_version": 0,
          "attributes": {
            "id": "/subscriptions/5c46d6cf-3894-4078-99f3-14300a12d792/resourceGroups/admatic-rg-network-demo",
            "location": "eastus",
            "managed_by": "",
            "name": "admatic-rg-network-demo",
            "tags": {},
            "timeouts": null
          },
          "sensitive_attributes": [],
          "private": "eyJlMmJmYjczMC1lY2FhLTExZTYtOGY4OC0zNDM2M2JjN2M0YzAiOnsiY3JlYXRlIjo1NDAwMDAwMDAwMDAwLCJkZWxldGUiOjU0MDAwMDAwMDAwMDAsInJlYWQiOjMwMDAwMDAwMDAwMCwidXBkYXRlIjo1NDAwMDAwMDAwMDAwfX0=",
          "dependencies": [
            "module.azure_storage.azurerm_resource_group.demorg",
            "module.azure_storage.azurerm_storage_account.storagedemo",
            "module.azure_storage.azurerm_storage_container.demoscontainer",
            "module.azure_storage.random_string.rgsuffix",
            "module.azure_storage.random_string.storageSuffix",
            "random_string.rs2"
          ]
        }
      ]
    },
    {
      "module": "module.azure_storage",
      "mode": "managed",
      "type": "azurerm_resource_group",
      "name": "demorg",
      "provider": "provider[\"registry.terraform.io/hashicorp/azurerm\"]",
      "instances": [
        {
          "schema_version": 0,
          "attributes": {
            "id": "/subscriptions/5c46d6cf-3894-4078-99f3-14300a12d792/resourceGroups/rgstoreujais86",
            "location": "eastus",
            "managed_by": "",
            "name": "rgstoreujais86",
            "tags": {},
            "timeouts": null
          },
          "sensitive_attributes": [],
          "private": "eyJlMmJmYjczMC1lY2FhLTExZTYtOGY4OC0zNDM2M2JjN2M0YzAiOnsiY3JlYXRlIjo1NDAwMDAwMDAwMDAwLCJkZWxldGUiOjU0MDAwMDAwMDAwMDAsInJlYWQiOjMwMDAwMDAwMDAwMCwidXBkYXRlIjo1NDAwMDAwMDAwMDAwfX0="
        }
      ]
    },
    {
      "module": "module.azure_storage",
      "mode": "managed",
      "type": "azurerm_storage_account",
      "name": "storagedemo",
      "provider": "provider[\"registry.terraform.io/hashicorp/azurerm\"]",
      "instances": [
        {
          "schema_version": 4,
          "attributes": {
            "access_tier": "Hot",
            "account_kind": "StorageV2",
            "account_replication_type": "LRS",
            "account_tier": "Standard",
            "allow_nested_items_to_be_public": true,
            "allowed_copy_scope": "",
            "azure_files_authentication": [],
            "blob_properties": [
              {
                "change_feed_enabled": false,
                "change_feed_retention_in_days": 0,
                "container_delete_retention_policy": [],
                "cors_rule": [],
                "default_service_version": "",
                "delete_retention_policy": [],
                "last_access_time_enabled": false,
                "restore_policy": [],
                "versioning_enabled": false
              }
            ],
            "cross_tenant_replication_enabled": true,
            "custom_domain": [],
            "customer_managed_key": [],
            "default_to_oauth_authentication": false,
            "edge_zone": "",
            "enable_https_traffic_only": true,
            "id": "/subscriptions/5c46d6cf-3894-4078-99f3-14300a12d792/resourceGroups/rgstoreujais86/providers/Microsoft.Storage/storageAccounts/sanameujais86",
            "identity": [],
            "immutability_policy": [],
            "infrastructure_encryption_enabled": false,
            "is_hns_enabled": false,
            "large_file_share_enabled": null,
            "location": "eastus",
            "min_tls_version": "TLS1_2",
            "name": "sanameujais86",
            "network_rules": [
              {
                "bypass": [
                  "AzureServices"
                ],
                "default_action": "Allow",
                "ip_rules": [],
                "private_link_access": [],
                "virtual_network_subnet_ids": []
              }
            ],
            "nfsv3_enabled": false,
            "primary_access_key": "pzg5Oevx9r7VV70rcMO8O10drgVMswDS9ibiWbfqOY/KKeMZKSAskIKPclQO4t1SszguyhGwtPKh+AStLNGrlQ==",
            "primary_blob_connection_string": "DefaultEndpointsProtocol=https;BlobEndpoint=https://sanameujais86.blob.core.windows.net/;AccountName=sanameujais86;AccountKey=pzg5Oevx9r7VV70rcMO8O10drgVMswDS9ibiWbfqOY/KKeMZKSAskIKPclQO4t1SszguyhGwtPKh+AStLNGrlQ==",
            "primary_blob_endpoint": "https://sanameujais86.blob.core.windows.net/",
            "primary_blob_host": "sanameujais86.blob.core.windows.net",
            "primary_connection_string": "DefaultEndpointsProtocol=https;AccountName=sanameujais86;AccountKey=pzg5Oevx9r7VV70rcMO8O10drgVMswDS9ibiWbfqOY/KKeMZKSAskIKPclQO4t1SszguyhGwtPKh+AStLNGrlQ==;EndpointSuffix=core.windows.net",
            "primary_dfs_endpoint": "https://sanameujais86.dfs.core.windows.net/",
            "primary_dfs_host": "sanameujais86.dfs.core.windows.net",
            "primary_file_endpoint": "https://sanameujais86.file.core.windows.net/",
            "primary_file_host": "sanameujais86.file.core.windows.net",
            "primary_location": "eastus",
            "primary_queue_endpoint": "https://sanameujais86.queue.core.windows.net/",
            "primary_queue_host": "sanameujais86.queue.core.windows.net",
            "primary_table_endpoint": "https://sanameujais86.table.core.windows.net/",
            "primary_table_host": "sanameujais86.table.core.windows.net",
            "primary_web_endpoint": "https://sanameujais86.z13.web.core.windows.net/",
            "primary_web_host": "sanameujais86.z13.web.core.windows.net",
            "public_network_access_enabled": true,
            "queue_encryption_key_type": "Service",
            "queue_properties": [
              {
                "cors_rule": [],
                "hour_metrics": [
                  {
                    "enabled": true,
                    "include_apis": true,
                    "retention_policy_days": 7,
                    "version": "1.0"
                  }
                ],
                "logging": [
                  {
                    "delete": false,
                    "read": false,
                    "retention_policy_days": 0,
                    "version": "1.0",
                    "write": false
                  }
                ],
                "minute_metrics": [
                  {
                    "enabled": false,
                    "include_apis": false,
                    "retention_policy_days": 0,
                    "version": "1.0"
                  }
                ]
              }
            ],
            "resource_group_name": "rgstoreujais86",
            "routing": [],
            "sas_policy": [],
            "secondary_access_key": "rzOwkPtaUzWArAh/Xi3Tok7ddRolIs+HL/qwVbA7wAyRoEGEG15sMjsD5nmx4LSWC3KKWiY1LDp5+AStQNmzYg==",
            "secondary_blob_connection_string": "",
            "secondary_blob_endpoint": null,
            "secondary_blob_host": null,
            "secondary_connection_string": "DefaultEndpointsProtocol=https;AccountName=sanameujais86;AccountKey=rzOwkPtaUzWArAh/Xi3Tok7ddRolIs+HL/qwVbA7wAyRoEGEG15sMjsD5nmx4LSWC3KKWiY1LDp5+AStQNmzYg==;EndpointSuffix=core.windows.net",
            "secondary_dfs_endpoint": null,
            "secondary_dfs_host": null,
            "secondary_file_endpoint": null,
            "secondary_file_host": null,
            "secondary_location": "",
            "secondary_queue_endpoint": null,
            "secondary_queue_host": null,
            "secondary_table_endpoint": null,
            "secondary_table_host": null,
            "secondary_web_endpoint": null,
            "secondary_web_host": null,
            "sftp_enabled": false,
            "share_properties": [
              {
                "cors_rule": [],
                "retention_policy": [
                  {
                    "days": 7
                  }
                ],
                "smb": []
              }
            ],
            "shared_access_key_enabled": true,
            "static_website": [],
            "table_encryption_key_type": "Service",
            "tags": {
              "environment": "robochefweb"
            },
            "timeouts": null
          },
          "sensitive_attributes": [],
          "private": "eyJlMmJmYjczMC1lY2FhLTExZTYtOGY4OC0zNDM2M2JjN2M0YzAiOnsiY3JlYXRlIjozNjAwMDAwMDAwMDAwLCJkZWxldGUiOjM2MDAwMDAwMDAwMDAsInJlYWQiOjMwMDAwMDAwMDAwMCwidXBkYXRlIjozNjAwMDAwMDAwMDAwfSwic2NoZW1hX3ZlcnNpb24iOiI0In0=",
          "dependencies": [
            "module.azure_storage.azurerm_resource_group.demorg"
          ]
        }
      ]
    },
    {
      "module": "module.azure_storage",
      "mode": "managed",
      "type": "azurerm_storage_container",
      "name": "demoscontainer",
      "provider": "provider[\"registry.terraform.io/hashicorp/azurerm\"]",
      "instances": [
        {
          "schema_version": 1,
          "attributes": {
            "container_access_type": "private",
            "has_immutability_policy": false,
            "has_legal_hold": false,
            "id": "https://sanameujais86.blob.core.windows.net/scontainerujais86",
            "metadata": {},
            "name": "scontainerujais86",
            "resource_manager_id": "/subscriptions/5c46d6cf-3894-4078-99f3-14300a12d792/resourceGroups/rgstoreujais86/providers/Microsoft.Storage/storageAccounts/sanameujais86/blobServices/default/containers/scontainerujais86",
            "storage_account_name": "sanameujais86",
            "timeouts": null
          },
          "sensitive_attributes": [],
          "private": "eyJlMmJmYjczMC1lY2FhLTExZTYtOGY4OC0zNDM2M2JjN2M0YzAiOnsiY3JlYXRlIjoxODAwMDAwMDAwMDAwLCJkZWxldGUiOjE4MDAwMDAwMDAwMDAsInJlYWQiOjMwMDAwMDAwMDAwMCwidXBkYXRlIjoxODAwMDAwMDAwMDAwfSwic2NoZW1hX3ZlcnNpb24iOiIxIn0=",
          "dependencies": [
            "module.azure_storage.azurerm_resource_group.demorg",
            "module.azure_storage.azurerm_storage_account.storagedemo"
          ]
        }
      ]
    },
    {
      "module": "module.azure_storage",
      "mode": "managed",
      "type": "random_string",
      "name": "rgsuffix",
      "provider": "provider[\"registry.terraform.io/hashicorp/random\"]",
      "instances": [
        {
          "schema_version": 2,
          "attributes": {
            "id": "oviu9",
            "keepers": null,
            "length": 5,
            "lower": true,
            "min_lower": 0,
            "min_numeric": 0,
            "min_special": 0,
            "min_upper": 0,
            "number": true,
            "numeric": true,
            "override_special": null,
            "result": "oviu9",
            "special": false,
            "upper": false
          },
          "sensitive_attributes": []
        }
      ]
    },
    {
      "module": "module.azure_storage",
      "mode": "managed",
      "type": "random_string",
      "name": "storageSuffix",
      "provider": "provider[\"registry.terraform.io/hashicorp/random\"]",
      "instances": [
        {
          "schema_version": 2,
          "attributes": {
            "id": "mbaxex",
            "keepers": null,
            "length": 6,
            "lower": true,
            "min_lower": 0,
            "min_numeric": 0,
            "min_special": 0,
            "min_upper": 0,
            "number": true,
            "numeric": true,
            "override_special": null,
            "result": "mbaxex",
            "special": false,
            "upper": false
          },
          "sensitive_attributes": []
        }
      ]
    }
  ],
  "check_results": null
}
