{
  "version": 4,
  "terraform_version": "1.5.7",
  "serial": 13,
  "lineage": "40261641-7150-0476-8e35-b20c43b8816f",
  "outputs": {
    "datetime": {
      "value": "2023-09-22T06:00:55Z and current month is Sep, today 22",
      "type": "string"
    },
    "flitered": {
      "value": [
        0,
        2,
        4,
        6,
        8
      ],
      "type": [
        "tuple",
        [
          "number",
          "number",
          "number",
          "number",
          "number"
        ]
      ]
    },
    "l2": {
      "value": [
        "red",
        "blue",
        "orange",
        "green"
      ],
      "type": [
        "tuple",
        [
          "string",
          "string",
          "string",
          "string"
        ]
      ]
    },
    "localdemo": {
      "value": "Sum of 15, 30 is 45",
      "type": "string"
    },
    "string_function": {
      "value": "a mixed case string, UTTAM KUMAR, A String with leading and trailing space",
      "type": "string"
    }
  },
  "resources": [
    {
      "mode": "managed",
      "type": "azurerm_resource_group",
      "name": "myrg",
      "provider": "provider[\"registry.terraform.io/hashicorp/azurerm\"]",
      "instances": [
        {
          "index_key": "blue",
          "schema_version": 0,
          "attributes": {
            "id": "/subscriptions/5c46d6cf-3894-4078-99f3-14300a12d792/resourceGroups/9MaFEWTokrgdemo15-blue",
            "location": "eastus",
            "managed_by": "",
            "name": "9MaFEWTokrgdemo15-blue",
            "tags": {},
            "timeouts": null
          },
          "sensitive_attributes": [],
          "private": "eyJlMmJmYjczMC1lY2FhLTExZTYtOGY4OC0zNDM2M2JjN2M0YzAiOnsiY3JlYXRlIjo1NDAwMDAwMDAwMDAwLCJkZWxldGUiOjU0MDAwMDAwMDAwMDAsInJlYWQiOjMwMDAwMDAwMDAwMCwidXBkYXRlIjo1NDAwMDAwMDAwMDAwfX0=",
          "dependencies": [
            "random_string.rgprefix"
          ]
        },
        {
          "index_key": "green",
          "schema_version": 0,
          "attributes": {
            "id": "/subscriptions/5c46d6cf-3894-4078-99f3-14300a12d792/resourceGroups/9MaFEWTokrgdemo15-green",
            "location": "eastus",
            "managed_by": "",
            "name": "9MaFEWTokrgdemo15-green",
            "tags": {},
            "timeouts": null
          },
          "sensitive_attributes": [],
          "private": "eyJlMmJmYjczMC1lY2FhLTExZTYtOGY4OC0zNDM2M2JjN2M0YzAiOnsiY3JlYXRlIjo1NDAwMDAwMDAwMDAwLCJkZWxldGUiOjU0MDAwMDAwMDAwMDAsInJlYWQiOjMwMDAwMDAwMDAwMCwidXBkYXRlIjo1NDAwMDAwMDAwMDAwfX0=",
          "dependencies": [
            "random_string.rgprefix"
          ]
        },
        {
          "index_key": "orange",
          "schema_version": 0,
          "attributes": {
            "id": "/subscriptions/5c46d6cf-3894-4078-99f3-14300a12d792/resourceGroups/9MaFEWTokrgdemo15-orange",
            "location": "eastus",
            "managed_by": "",
            "name": "9MaFEWTokrgdemo15-orange",
            "tags": {},
            "timeouts": null
          },
          "sensitive_attributes": [],
          "private": "eyJlMmJmYjczMC1lY2FhLTExZTYtOGY4OC0zNDM2M2JjN2M0YzAiOnsiY3JlYXRlIjo1NDAwMDAwMDAwMDAwLCJkZWxldGUiOjU0MDAwMDAwMDAwMDAsInJlYWQiOjMwMDAwMDAwMDAwMCwidXBkYXRlIjo1NDAwMDAwMDAwMDAwfX0=",
          "dependencies": [
            "random_string.rgprefix"
          ]
        },
        {
          "index_key": "red",
          "schema_version": 0,
          "attributes": {
            "id": "/subscriptions/5c46d6cf-3894-4078-99f3-14300a12d792/resourceGroups/9MaFEWTokrgdemo15-red",
            "location": "eastus",
            "managed_by": "",
            "name": "9MaFEWTokrgdemo15-red",
            "tags": {},
            "timeouts": null
          },
          "sensitive_attributes": [],
          "private": "eyJlMmJmYjczMC1lY2FhLTExZTYtOGY4OC0zNDM2M2JjN2M0YzAiOnsiY3JlYXRlIjo1NDAwMDAwMDAwMDAwLCJkZWxldGUiOjU0MDAwMDAwMDAwMDAsInJlYWQiOjMwMDAwMDAwMDAwMCwidXBkYXRlIjo1NDAwMDAwMDAwMDAwfX0=",
          "dependencies": [
            "random_string.rgprefix"
          ]
        }
      ]
    },
    {
      "mode": "managed",
      "type": "random_string",
      "name": "rgprefix",
      "provider": "provider[\"registry.terraform.io/hashicorp/random\"]",
      "instances": [
        {
          "schema_version": 2,
          "attributes": {
            "id": "9MaFEWTok",
            "keepers": null,
            "length": 9,
            "lower": true,
            "min_lower": 0,
            "min_numeric": 0,
            "min_special": 0,
            "min_upper": 0,
            "number": true,
            "numeric": true,
            "override_special": null,
            "result": "9MaFEWTok",
            "special": false,
            "upper": true
          },
          "sensitive_attributes": []
        }
      ]
    }
  ],
  "check_results": null
}
