{
  "version": 4,
  "terraform_version": "1.5.7",
  "serial": 4,
  "lineage": "bff17d9c-4c48-0580-5ff5-71b0b8443263",
  "outputs": {},
  "resources": [
    {
      "mode": "managed",
      "type": "local_file",
      "name": "file_handler",
      "provider": "provider[\"registry.terraform.io/hashicorp/local\"]",
      "instances": [
        {
          "schema_version": 0,
          "attributes": {
            "content": "y9nyeCvvAz8a",
            "content_base64": null,
            "content_base64sha256": "1obnJX2SYpUqqP7hMM4cuCh1G7sblJcRjNIn+vnadlc=",
            "content_base64sha512": "AxEN/mtprB+/fEGciwaj6u/REX1QD9Xkm9V/n7H4APZp4OtI1/5YKo0vXDOuk2b8Iv6GHJXv+DBimirkGB/wlQ==",
            "content_md5": "2264d7ae53402e2af8ba425d71710cca",
            "content_sha1": "e608f19d9ae823a1e8d9612b333c27764caa3776",
            "content_sha256": "d686e7257d9262952aa8fee130ce1cb828751bbb1b9497118cd227faf9da7657",
            "content_sha512": "03110dfe6b69ac1fbf7c419c8b06a3eaefd1117d500fd5e49bd57f9fb1f800f669e0eb48d7fe582a8d2f5c33ae9366fc22fe861c95eff830629a2ae4181ff095",
            "directory_permission": "0777",
            "file_permission": "0777",
            "filename": "/tmp/QT3DBWmMyEEc",
            "id": "e608f19d9ae823a1e8d9612b333c27764caa3776",
            "sensitive_content": null,
            "source": null
          },
          "sensitive_attributes": [],
          "dependencies": [
            "random_string.f1_num",
            "random_string.f1_str"
          ]
        }
      ]
    },
    {
      "mode": "managed",
      "type": "random_string",
      "name": "f1_num",
      "provider": "provider[\"registry.terraform.io/hashicorp/random\"]",
      "instances": [
        {
          "schema_version": 2,
          "attributes": {
            "id": "QT3DBWmMyEEc",
            "keepers": null,
            "length": 12,
            "lower": true,
            "min_lower": 0,
            "min_numeric": 0,
            "min_special": 0,
            "min_upper": 0,
            "number": true,
            "numeric": true,
            "override_special": null,
            "result": "QT3DBWmMyEEc",
            "special": false,
            "upper": true
          },
          "sensitive_attributes": []
        }
      ]
    },
    {
      "mode": "managed",
      "type": "random_string",
      "name": "f1_str",
      "provider": "provider[\"registry.terraform.io/hashicorp/random\"]",
      "instances": [
        {
          "schema_version": 2,
          "attributes": {
            "id": "y9nyeCvvAz8a",
            "keepers": null,
            "length": 12,
            "lower": true,
            "min_lower": 0,
            "min_numeric": 0,
            "min_special": 0,
            "min_upper": 0,
            "number": true,
            "numeric": true,
            "override_special": null,
            "result": "y9nyeCvvAz8a",
            "special": false,
            "upper": true
          },
          "sensitive_attributes": []
        }
      ]
    }
  ],
  "check_results": null
}
