{
  "version": 4,
  "terraform_version": "1.5.7",
  "serial": 20,
  "lineage": "bff17d9c-4c48-0580-5ff5-71b0b8443263",
  "outputs": {
    "f1_filename": {
      "value": "/tmp/6868",
      "type": "string"
    },
    "f2_filename": {
      "value": "/tmp/uttamkumar-6868.txt",
      "type": "string"
    }
  },
  "resources": [
    {
      "mode": "managed",
      "type": "local_file",
      "name": "f1",
      "provider": "provider[\"registry.terraform.io/hashicorp/local\"]",
      "instances": [
        {
          "schema_version": 0,
          "attributes": {
            "content": "y9nyeCvvAz8a",
            "content_base64": null,
            "content_base64sha256": "1obnJX2SYpUqqP7hMM4cuCh1G7sblJcRjNIn+vnadlc=",
            "content_base64sha512": "AxEN/mtprB+/fEGciwaj6u/REX1QD9Xkm9V/n7H4APZp4OtI1/5YKo0vXDOuk2b8Iv6GHJXv+DBimirkGB/wlQ==",
            "content_md5": "2264d7ae53402e2af8ba425d71710cca",
            "content_sha1": "e608f19d9ae823a1e8d9612b333c27764caa3776",
            "content_sha256": "d686e7257d9262952aa8fee130ce1cb828751bbb1b9497118cd227faf9da7657",
            "content_sha512": "03110dfe6b69ac1fbf7c419c8b06a3eaefd1117d500fd5e49bd57f9fb1f800f669e0eb48d7fe582a8d2f5c33ae9366fc22fe861c95eff830629a2ae4181ff095",
            "directory_permission": "0777",
            "file_permission": "0777",
            "filename": "/tmp/6868",
            "id": "e608f19d9ae823a1e8d9612b333c27764caa3776",
            "sensitive_content": null,
            "source": null
          },
          "sensitive_attributes": [],
          "dependencies": [
            "random_integer.f1_num",
            "random_string.f1_str"
          ]
        }
      ]
    },
    {
      "mode": "managed",
      "type": "local_file",
      "name": "f2",
      "provider": "provider[\"registry.terraform.io/hashicorp/local\"]",
      "instances": [
        {
          "schema_version": 0,
          "attributes": {
            "content": "y9nyeCvvAz8a",
            "content_base64": null,
            "content_base64sha256": "1obnJX2SYpUqqP7hMM4cuCh1G7sblJcRjNIn+vnadlc=",
            "content_base64sha512": "AxEN/mtprB+/fEGciwaj6u/REX1QD9Xkm9V/n7H4APZp4OtI1/5YKo0vXDOuk2b8Iv6GHJXv+DBimirkGB/wlQ==",
            "content_md5": "2264d7ae53402e2af8ba425d71710cca",
            "content_sha1": "e608f19d9ae823a1e8d9612b333c27764caa3776",
            "content_sha256": "d686e7257d9262952aa8fee130ce1cb828751bbb1b9497118cd227faf9da7657",
            "content_sha512": "03110dfe6b69ac1fbf7c419c8b06a3eaefd1117d500fd5e49bd57f9fb1f800f669e0eb48d7fe582a8d2f5c33ae9366fc22fe861c95eff830629a2ae4181ff095",
            "directory_permission": "0777",
            "file_permission": "0777",
            "filename": "/tmp/uttamkumar-6868.txt",
            "id": "e608f19d9ae823a1e8d9612b333c27764caa3776",
            "sensitive_content": null,
            "source": null
          },
          "sensitive_attributes": [],
          "dependencies": [
            "random_integer.f1_num",
            "random_string.f1_str"
          ]
        }
      ]
    },
    {
      "mode": "managed",
      "type": "local_file",
      "name": "f3",
      "provider": "provider[\"registry.terraform.io/hashicorp/local\"]",
      "instances": [
        {
          "index_key": 0,
          "schema_version": 0,
          "attributes": {
            "content": "y9nyeCvvAz8a",
            "content_base64": null,
            "content_base64sha256": "1obnJX2SYpUqqP7hMM4cuCh1G7sblJcRjNIn+vnadlc=",
            "content_base64sha512": "AxEN/mtprB+/fEGciwaj6u/REX1QD9Xkm9V/n7H4APZp4OtI1/5YKo0vXDOuk2b8Iv6GHJXv+DBimirkGB/wlQ==",
            "content_md5": "2264d7ae53402e2af8ba425d71710cca",
            "content_sha1": "e608f19d9ae823a1e8d9612b333c27764caa3776",
            "content_sha256": "d686e7257d9262952aa8fee130ce1cb828751bbb1b9497118cd227faf9da7657",
            "content_sha512": "03110dfe6b69ac1fbf7c419c8b06a3eaefd1117d500fd5e49bd57f9fb1f800f669e0eb48d7fe582a8d2f5c33ae9366fc22fe861c95eff830629a2ae4181ff095",
            "directory_permission": "0777",
            "file_permission": "0777",
            "filename": "/tmp/randomfiles_0",
            "id": "e608f19d9ae823a1e8d9612b333c27764caa3776",
            "sensitive_content": null,
            "source": null
          },
          "sensitive_attributes": [],
          "dependencies": [
            "random_string.f1_str"
          ]
        },
        {
          "index_key": 1,
          "schema_version": 0,
          "attributes": {
            "content": "y9nyeCvvAz8a",
            "content_base64": null,
            "content_base64sha256": "1obnJX2SYpUqqP7hMM4cuCh1G7sblJcRjNIn+vnadlc=",
            "content_base64sha512": "AxEN/mtprB+/fEGciwaj6u/REX1QD9Xkm9V/n7H4APZp4OtI1/5YKo0vXDOuk2b8Iv6GHJXv+DBimirkGB/wlQ==",
            "content_md5": "2264d7ae53402e2af8ba425d71710cca",
            "content_sha1": "e608f19d9ae823a1e8d9612b333c27764caa3776",
            "content_sha256": "d686e7257d9262952aa8fee130ce1cb828751bbb1b9497118cd227faf9da7657",
            "content_sha512": "03110dfe6b69ac1fbf7c419c8b06a3eaefd1117d500fd5e49bd57f9fb1f800f669e0eb48d7fe582a8d2f5c33ae9366fc22fe861c95eff830629a2ae4181ff095",
            "directory_permission": "0777",
            "file_permission": "0777",
            "filename": "/tmp/randomfiles_1",
            "id": "e608f19d9ae823a1e8d9612b333c27764caa3776",
            "sensitive_content": null,
            "source": null
          },
          "sensitive_attributes": [],
          "dependencies": [
            "random_string.f1_str"
          ]
        },
        {
          "index_key": 2,
          "schema_version": 0,
          "attributes": {
            "content": "y9nyeCvvAz8a",
            "content_base64": null,
            "content_base64sha256": "1obnJX2SYpUqqP7hMM4cuCh1G7sblJcRjNIn+vnadlc=",
            "content_base64sha512": "AxEN/mtprB+/fEGciwaj6u/REX1QD9Xkm9V/n7H4APZp4OtI1/5YKo0vXDOuk2b8Iv6GHJXv+DBimirkGB/wlQ==",
            "content_md5": "2264d7ae53402e2af8ba425d71710cca",
            "content_sha1": "e608f19d9ae823a1e8d9612b333c27764caa3776",
            "content_sha256": "d686e7257d9262952aa8fee130ce1cb828751bbb1b9497118cd227faf9da7657",
            "content_sha512": "03110dfe6b69ac1fbf7c419c8b06a3eaefd1117d500fd5e49bd57f9fb1f800f669e0eb48d7fe582a8d2f5c33ae9366fc22fe861c95eff830629a2ae4181ff095",
            "directory_permission": "0777",
            "file_permission": "0777",
            "filename": "/tmp/randomfiles_2",
            "id": "e608f19d9ae823a1e8d9612b333c27764caa3776",
            "sensitive_content": null,
            "source": null
          },
          "sensitive_attributes": [],
          "dependencies": [
            "random_string.f1_str"
          ]
        },
        {
          "index_key": 3,
          "schema_version": 0,
          "attributes": {
            "content": "y9nyeCvvAz8a",
            "content_base64": null,
            "content_base64sha256": "1obnJX2SYpUqqP7hMM4cuCh1G7sblJcRjNIn+vnadlc=",
            "content_base64sha512": "AxEN/mtprB+/fEGciwaj6u/REX1QD9Xkm9V/n7H4APZp4OtI1/5YKo0vXDOuk2b8Iv6GHJXv+DBimirkGB/wlQ==",
            "content_md5": "2264d7ae53402e2af8ba425d71710cca",
            "content_sha1": "e608f19d9ae823a1e8d9612b333c27764caa3776",
            "content_sha256": "d686e7257d9262952aa8fee130ce1cb828751bbb1b9497118cd227faf9da7657",
            "content_sha512": "03110dfe6b69ac1fbf7c419c8b06a3eaefd1117d500fd5e49bd57f9fb1f800f669e0eb48d7fe582a8d2f5c33ae9366fc22fe861c95eff830629a2ae4181ff095",
            "directory_permission": "0777",
            "file_permission": "0777",
            "filename": "/tmp/randomfiles_3",
            "id": "e608f19d9ae823a1e8d9612b333c27764caa3776",
            "sensitive_content": null,
            "source": null
          },
          "sensitive_attributes": [],
          "dependencies": [
            "random_string.f1_str"
          ]
        },
        {
          "index_key": 4,
          "schema_version": 0,
          "attributes": {
            "content": "y9nyeCvvAz8a",
            "content_base64": null,
            "content_base64sha256": "1obnJX2SYpUqqP7hMM4cuCh1G7sblJcRjNIn+vnadlc=",
            "content_base64sha512": "AxEN/mtprB+/fEGciwaj6u/REX1QD9Xkm9V/n7H4APZp4OtI1/5YKo0vXDOuk2b8Iv6GHJXv+DBimirkGB/wlQ==",
            "content_md5": "2264d7ae53402e2af8ba425d71710cca",
            "content_sha1": "e608f19d9ae823a1e8d9612b333c27764caa3776",
            "content_sha256": "d686e7257d9262952aa8fee130ce1cb828751bbb1b9497118cd227faf9da7657",
            "content_sha512": "03110dfe6b69ac1fbf7c419c8b06a3eaefd1117d500fd5e49bd57f9fb1f800f669e0eb48d7fe582a8d2f5c33ae9366fc22fe861c95eff830629a2ae4181ff095",
            "directory_permission": "0777",
            "file_permission": "0777",
            "filename": "/tmp/randomfiles_4",
            "id": "e608f19d9ae823a1e8d9612b333c27764caa3776",
            "sensitive_content": null,
            "source": null
          },
          "sensitive_attributes": [],
          "dependencies": [
            "random_string.f1_str"
          ]
        },
        {
          "index_key": 5,
          "schema_version": 0,
          "attributes": {
            "content": "y9nyeCvvAz8a",
            "content_base64": null,
            "content_base64sha256": "1obnJX2SYpUqqP7hMM4cuCh1G7sblJcRjNIn+vnadlc=",
            "content_base64sha512": "AxEN/mtprB+/fEGciwaj6u/REX1QD9Xkm9V/n7H4APZp4OtI1/5YKo0vXDOuk2b8Iv6GHJXv+DBimirkGB/wlQ==",
            "content_md5": "2264d7ae53402e2af8ba425d71710cca",
            "content_sha1": "e608f19d9ae823a1e8d9612b333c27764caa3776",
            "content_sha256": "d686e7257d9262952aa8fee130ce1cb828751bbb1b9497118cd227faf9da7657",
            "content_sha512": "03110dfe6b69ac1fbf7c419c8b06a3eaefd1117d500fd5e49bd57f9fb1f800f669e0eb48d7fe582a8d2f5c33ae9366fc22fe861c95eff830629a2ae4181ff095",
            "directory_permission": "0777",
            "file_permission": "0777",
            "filename": "/tmp/randomfiles_5",
            "id": "e608f19d9ae823a1e8d9612b333c27764caa3776",
            "sensitive_content": null,
            "source": null
          },
          "sensitive_attributes": [],
          "dependencies": [
            "random_string.f1_str"
          ]
        },
        {
          "index_key": 6,
          "schema_version": 0,
          "attributes": {
            "content": "y9nyeCvvAz8a",
            "content_base64": null,
            "content_base64sha256": "1obnJX2SYpUqqP7hMM4cuCh1G7sblJcRjNIn+vnadlc=",
            "content_base64sha512": "AxEN/mtprB+/fEGciwaj6u/REX1QD9Xkm9V/n7H4APZp4OtI1/5YKo0vXDOuk2b8Iv6GHJXv+DBimirkGB/wlQ==",
            "content_md5": "2264d7ae53402e2af8ba425d71710cca",
            "content_sha1": "e608f19d9ae823a1e8d9612b333c27764caa3776",
            "content_sha256": "d686e7257d9262952aa8fee130ce1cb828751bbb1b9497118cd227faf9da7657",
            "content_sha512": "03110dfe6b69ac1fbf7c419c8b06a3eaefd1117d500fd5e49bd57f9fb1f800f669e0eb48d7fe582a8d2f5c33ae9366fc22fe861c95eff830629a2ae4181ff095",
            "directory_permission": "0777",
            "file_permission": "0777",
            "filename": "/tmp/randomfiles_6",
            "id": "e608f19d9ae823a1e8d9612b333c27764caa3776",
            "sensitive_content": null,
            "source": null
          },
          "sensitive_attributes": [],
          "dependencies": [
            "random_string.f1_str"
          ]
        },
        {
          "index_key": 7,
          "schema_version": 0,
          "attributes": {
            "content": "y9nyeCvvAz8a",
            "content_base64": null,
            "content_base64sha256": "1obnJX2SYpUqqP7hMM4cuCh1G7sblJcRjNIn+vnadlc=",
            "content_base64sha512": "AxEN/mtprB+/fEGciwaj6u/REX1QD9Xkm9V/n7H4APZp4OtI1/5YKo0vXDOuk2b8Iv6GHJXv+DBimirkGB/wlQ==",
            "content_md5": "2264d7ae53402e2af8ba425d71710cca",
            "content_sha1": "e608f19d9ae823a1e8d9612b333c27764caa3776",
            "content_sha256": "d686e7257d9262952aa8fee130ce1cb828751bbb1b9497118cd227faf9da7657",
            "content_sha512": "03110dfe6b69ac1fbf7c419c8b06a3eaefd1117d500fd5e49bd57f9fb1f800f669e0eb48d7fe582a8d2f5c33ae9366fc22fe861c95eff830629a2ae4181ff095",
            "directory_permission": "0777",
            "file_permission": "0777",
            "filename": "/tmp/randomfiles_7",
            "id": "e608f19d9ae823a1e8d9612b333c27764caa3776",
            "sensitive_content": null,
            "source": null
          },
          "sensitive_attributes": [],
          "dependencies": [
            "random_string.f1_str"
          ]
        },
        {
          "index_key": 8,
          "schema_version": 0,
          "attributes": {
            "content": "y9nyeCvvAz8a",
            "content_base64": null,
            "content_base64sha256": "1obnJX2SYpUqqP7hMM4cuCh1G7sblJcRjNIn+vnadlc=",
            "content_base64sha512": "AxEN/mtprB+/fEGciwaj6u/REX1QD9Xkm9V/n7H4APZp4OtI1/5YKo0vXDOuk2b8Iv6GHJXv+DBimirkGB/wlQ==",
            "content_md5": "2264d7ae53402e2af8ba425d71710cca",
            "content_sha1": "e608f19d9ae823a1e8d9612b333c27764caa3776",
            "content_sha256": "d686e7257d9262952aa8fee130ce1cb828751bbb1b9497118cd227faf9da7657",
            "content_sha512": "03110dfe6b69ac1fbf7c419c8b06a3eaefd1117d500fd5e49bd57f9fb1f800f669e0eb48d7fe582a8d2f5c33ae9366fc22fe861c95eff830629a2ae4181ff095",
            "directory_permission": "0777",
            "file_permission": "0777",
            "filename": "/tmp/randomfiles_8",
            "id": "e608f19d9ae823a1e8d9612b333c27764caa3776",
            "sensitive_content": null,
            "source": null
          },
          "sensitive_attributes": [],
          "dependencies": [
            "random_string.f1_str"
          ]
        },
        {
          "index_key": 9,
          "schema_version": 0,
          "attributes": {
            "content": "y9nyeCvvAz8a",
            "content_base64": null,
            "content_base64sha256": "1obnJX2SYpUqqP7hMM4cuCh1G7sblJcRjNIn+vnadlc=",
            "content_base64sha512": "AxEN/mtprB+/fEGciwaj6u/REX1QD9Xkm9V/n7H4APZp4OtI1/5YKo0vXDOuk2b8Iv6GHJXv+DBimirkGB/wlQ==",
            "content_md5": "2264d7ae53402e2af8ba425d71710cca",
            "content_sha1": "e608f19d9ae823a1e8d9612b333c27764caa3776",
            "content_sha256": "d686e7257d9262952aa8fee130ce1cb828751bbb1b9497118cd227faf9da7657",
            "content_sha512": "03110dfe6b69ac1fbf7c419c8b06a3eaefd1117d500fd5e49bd57f9fb1f800f669e0eb48d7fe582a8d2f5c33ae9366fc22fe861c95eff830629a2ae4181ff095",
            "directory_permission": "0777",
            "file_permission": "0777",
            "filename": "/tmp/randomfiles_9",
            "id": "e608f19d9ae823a1e8d9612b333c27764caa3776",
            "sensitive_content": null,
            "source": null
          },
          "sensitive_attributes": [],
          "dependencies": [
            "random_string.f1_str"
          ]
        }
      ]
    },
    {
      "mode": "managed",
      "type": "random_integer",
      "name": "f1_num",
      "provider": "provider[\"registry.terraform.io/hashicorp/random\"]",
      "instances": [
        {
          "schema_version": 0,
          "attributes": {
            "id": "6868",
            "keepers": null,
            "max": 9999,
            "min": 1000,
            "result": 6868,
            "seed": null
          },
          "sensitive_attributes": []
        }
      ]
    },
    {
      "mode": "managed",
      "type": "random_string",
      "name": "f1_str",
      "provider": "provider[\"registry.terraform.io/hashicorp/random\"]",
      "instances": [
        {
          "schema_version": 2,
          "attributes": {
            "id": "y9nyeCvvAz8a",
            "keepers": null,
            "length": 12,
            "lower": true,
            "min_lower": 0,
            "min_numeric": 0,
            "min_special": 0,
            "min_upper": 0,
            "number": true,
            "numeric": true,
            "override_special": null,
            "result": "y9nyeCvvAz8a",
            "special": false,
            "upper": true
          },
          "sensitive_attributes": []
        }
      ]
    }
  ],
  "check_results": null
}
